
Microsoft Visual Studio Solution File, Format Version 12.00
# Visual Studio Version 16
VisualStudioVersion = 16.0.28803.202
MinimumVisualStudioVersion = 10.0.40219.1
Project("{9A19103F-16F7-4668-BE54-9A1E7A4F7556}") = "CatmashAPI", "CatmashAPI\CatmashAPI.csproj", "{F954843F-9BCA-4F5F-B1E9-F48440E340CD}"
EndProject
Project("{FAE04EC0-301F-11D3-BF4B-00C04F79EFBC}") = "CatmashWebApplication", "CatmashWebApplication\CatmashWebApplication.csproj", "{E9B4C78F-17C3-4A28-8494-FE491F3C1F2A}"
EndProject
Global
	GlobalSection(SolutionConfigurationPlatforms) = preSolution
		Debug|Any CPU = Debug|Any CPU
		Release|Any CPU = Release|Any CPU
	EndGlobalSection
	GlobalSection(ProjectConfigurationPlatforms) = postSolution
		{F954843F-9BCA-4F5F-B1E9-F48440E340CD}.Debug|Any CPU.ActiveCfg = Debug|Any CPU
		{F954843F-9BCA-4F5F-B1E9-F48440E340CD}.Debug|Any CPU.Build.0 = Debug|Any CPU
		{F954843F-9BCA-4F5F-B1E9-F48440E340CD}.Release|Any CPU.ActiveCfg = Release|Any CPU
		{F954843F-9BCA-4F5F-B1E9-F48440E340CD}.Release|Any CPU.Build.0 = Release|Any CPU
		{E9B4C78F-17C3-4A28-8494-FE491F3C1F2A}.Debug|Any CPU.ActiveCfg = Debug|Any CPU
		{E9B4C78F-17C3-4A28-8494-FE491F3C1F2A}.Debug|Any CPU.Build.0 = Debug|Any CPU
		{E9B4C78F-17C3-4A28-8494-FE491F3C1F2A}.Release|Any CPU.ActiveCfg = Release|Any CPU
		{E9B4C78F-17C3-4A28-8494-FE491F3C1F2A}.Release|Any CPU.Build.0 = Release|Any CPU
	EndGlobalSection
	GlobalSection(SolutionProperties) = preSolution
		HideSolutionNode = FALSE
	EndGlobalSection
	GlobalSection(ExtensibilityGlobals) = postSolution
		SolutionGuid = {0C758613-0AF4-4491-AEF8-E61D4BC82E4B}
	EndGlobalSection
EndGlobal
